
Microsoft Visual Studio Solution File, Format Version 12.00
# Visual Studio Version 17
VisualStudioVersion = 17.13.35806.99
MinimumVisualStudioVersion = 10.0.40219.1
Project("{FAE04EC0-301F-11D3-BF4B-00C04F79EFBC}") = "Pathfinding", "Pathfinding\Pathfinding.csproj", "{331D1391-51FD-4F4A-8220-8889E2C25BBA}"
EndProject
Project("{FAE04EC0-301F-11D3-BF4B-00C04F79EFBC}") = "Benchmarking", "Benchmarking\Benchmarking.csproj", "{B415477E-2281-4692-9BEB-D726B7E39386}"
EndProject
Global
	GlobalSection(SolutionConfigurationPlatforms) = preSolution
		Debug|Any CPU = Debug|Any CPU
		Release|Any CPU = Release|Any CPU
	EndGlobalSection
	GlobalSection(ProjectConfigurationPlatforms) = postSolution
		{331D1391-51FD-4F4A-8220-8889E2C25BBA}.Debug|Any CPU.ActiveCfg = Debug|Any CPU
		{331D1391-51FD-4F4A-8220-8889E2C25BBA}.Debug|Any CPU.Build.0 = Debug|Any CPU
		{331D1391-51FD-4F4A-8220-8889E2C25BBA}.Release|Any CPU.ActiveCfg = Release|Any CPU
		{331D1391-51FD-4F4A-8220-8889E2C25BBA}.Release|Any CPU.Build.0 = Release|Any CPU
		{B415477E-2281-4692-9BEB-D726B7E39386}.Debug|Any CPU.ActiveCfg = Debug|Any CPU
		{B415477E-2281-4692-9BEB-D726B7E39386}.Debug|Any CPU.Build.0 = Debug|Any CPU
		{B415477E-2281-4692-9BEB-D726B7E39386}.Release|Any CPU.ActiveCfg = Release|Any CPU
		{B415477E-2281-4692-9BEB-D726B7E39386}.Release|Any CPU.Build.0 = Release|Any CPU
	EndGlobalSection
	GlobalSection(SolutionProperties) = preSolution
		HideSolutionNode = FALSE
	EndGlobalSection
	GlobalSection(ExtensibilityGlobals) = postSolution
		SolutionGuid = {73E38B35-EC0B-4EAF-A5A3-277283ECC652}
	EndGlobalSection
EndGlobal
